{
  "requires": true,
  "lockfileVersion": 1,
  "dependencies": {
    "fireworks-canvas": {
      "version": "2.6.2",
      "resolved": "https://registry.npmjs.org/fireworks-canvas/-/fireworks-canvas-2.6.2.tgz",
      "integrity": "sha512-B/Tuito9YJZXN7Z2/A1d9r5ZyU+lAn3UTDhb0Bh6AFhmyOYJRfdTyjpPbypqC+XZjGdRDhkTBqUWGQuUUtqfRQ=="
    }
  }
}
